
Microsoft Visual Studio Solution File, Format Version 12.00
# Visual Studio Version 17
VisualStudioVersion = 17.4.33205.214
MinimumVisualStudioVersion = 10.0.40219.1
Project("{9A19103F-16F7-4668-BE54-9A1E7A4F7556}") = "PDFSaverLibrary", "PDFSaverLibrary\PDFSaverLibrary.csproj", "{614DFF73-308A-457C-A27E-EF4C84227B60}"
EndProject
Project("{FAE04EC0-301F-11D3-BF4B-00C04F79EFBC}") = "PDFSaverTestUI", "PDFSaverTestUI\PDFSaverTestUI.csproj", "{B0B97A8C-6805-432A-9D22-E4CB3F539882}"
EndProject
Global
	GlobalSection(SolutionConfigurationPlatforms) = preSolution
		Debug|Any CPU = Debug|Any CPU
		Release|Any CPU = Release|Any CPU
	EndGlobalSection
	GlobalSection(ProjectConfigurationPlatforms) = postSolution
		{614DFF73-308A-457C-A27E-EF4C84227B60}.Debug|Any CPU.ActiveCfg = Debug|Any CPU
		{614DFF73-308A-457C-A27E-EF4C84227B60}.Debug|Any CPU.Build.0 = Debug|Any CPU
		{614DFF73-308A-457C-A27E-EF4C84227B60}.Release|Any CPU.ActiveCfg = Release|Any CPU
		{614DFF73-308A-457C-A27E-EF4C84227B60}.Release|Any CPU.Build.0 = Release|Any CPU
		{B0B97A8C-6805-432A-9D22-E4CB3F539882}.Debug|Any CPU.ActiveCfg = Debug|Any CPU
		{B0B97A8C-6805-432A-9D22-E4CB3F539882}.Debug|Any CPU.Build.0 = Debug|Any CPU
		{B0B97A8C-6805-432A-9D22-E4CB3F539882}.Release|Any CPU.ActiveCfg = Release|Any CPU
		{B0B97A8C-6805-432A-9D22-E4CB3F539882}.Release|Any CPU.Build.0 = Release|Any CPU
	EndGlobalSection
	GlobalSection(SolutionProperties) = preSolution
		HideSolutionNode = FALSE
	EndGlobalSection
	GlobalSection(ExtensibilityGlobals) = postSolution
		SolutionGuid = {6F2689C9-8023-4393-ADA0-D5D5A2DDEF0C}
	EndGlobalSection
EndGlobal
